
Microsoft Visual Studio Solution File, Format Version 12.00
# Visual Studio 2013
VisualStudioVersion = 12.0.40629.0
MinimumVisualStudioVersion = 10.0.40219.1
Project("{FAE04EC0-301F-11D3-BF4B-00C04F79EFBC}") = "MVCLab2", "MVCLab2\MVCLab2.csproj", "{223EC44D-460B-4E54-B92E-EFD63998F621}"
	ProjectSection(ProjectDependencies) = postProject
		{137135CC-95BF-40A0-BA45-8E2184A430A6} = {137135CC-95BF-40A0-BA45-8E2184A430A6}
	EndProjectSection
EndProject
Project("{FAE04EC0-301F-11D3-BF4B-00C04F79EFBC}") = "WcfService1", "WcfService1\WcfService1.csproj", "{137135CC-95BF-40A0-BA45-8E2184A430A6}"
EndProject
Project("{2150E333-8FDC-42A3-9474-1A3956D46DE8}") = "Docs", "Docs", "{2B3602EF-2BB5-4AA4-894C-DF92AF0D8FCD}"
EndProject
Global
	GlobalSection(SolutionConfigurationPlatforms) = preSolution
		Debug|Any CPU = Debug|Any CPU
		Release|Any CPU = Release|Any CPU
	EndGlobalSection
	GlobalSection(ProjectConfigurationPlatforms) = postSolution
		{223EC44D-460B-4E54-B92E-EFD63998F621}.Debug|Any CPU.ActiveCfg = Debug|Any CPU
		{223EC44D-460B-4E54-B92E-EFD63998F621}.Debug|Any CPU.Build.0 = Debug|Any CPU
		{223EC44D-460B-4E54-B92E-EFD63998F621}.Release|Any CPU.ActiveCfg = Release|Any CPU
		{223EC44D-460B-4E54-B92E-EFD63998F621}.Release|Any CPU.Build.0 = Release|Any CPU
		{137135CC-95BF-40A0-BA45-8E2184A430A6}.Debug|Any CPU.ActiveCfg = Debug|Any CPU
		{137135CC-95BF-40A0-BA45-8E2184A430A6}.Debug|Any CPU.Build.0 = Debug|Any CPU
		{137135CC-95BF-40A0-BA45-8E2184A430A6}.Release|Any CPU.ActiveCfg = Release|Any CPU
		{137135CC-95BF-40A0-BA45-8E2184A430A6}.Release|Any CPU.Build.0 = Release|Any CPU
	EndGlobalSection
	GlobalSection(SolutionProperties) = preSolution
		HideSolutionNode = FALSE
	EndGlobalSection
EndGlobal
